<?xml version="1.0" encoding="utf-8"?>
<Project ToolsVersion="4.0" xmlns="http://schemas.microsoft.com/developer/msbuild/2003">
  <ItemGroup>
    <Filter Include="Source Files">
      <UniqueIdentifier>{aebf8404-0ea9-41dd-b124-cd19e97b2180}</UniqueIdentifier>
      <Extensions>cpp;c;cxx;rc;def;r;odl;idl;hpj;bat</Extensions>
    </Filter>
    <Filter Include="Header Files">
      <UniqueIdentifier>{467b1c78-18eb-4bae-8aab-893bc45bb8d7}</UniqueIdentifier>
      <Extensions>h;hpp;hxx;hm;inl</Extensions>
    </Filter>
    <Filter Include="Resource Files">
      <UniqueIdentifier>{e1b7a9b1-0a86-423a-8581-c2a9ef2914e7}</UniqueIdentifier>
      <Extensions>ico;cur;bmp;dlg;rc2;rct;bin;rgs;gif;jpg;jpeg;jpe</Extensions>
    </Filter>
  </ItemGroup>
  <ItemGroup>
    <ClCompile Include="src\pin.cpp">
      <Filter>Source Files</Filter>
    </ClCompile>
    <ClCompile Include="src\pipe.cpp">
      <Filter>Source Files</Filter>
    </ClCompile>
    <ClCompile Include="src\roller.cpp">
      <Filter>Source Files</Filter>
    </ClCompile>
    <ClCompile Include="src\scorefile.cpp">
      <Filter>Source Files</Filter>
    </ClCompile>
    <ClCompile Include="src\torusinternal.cpp">
      <Filter>Source Files</Filter>
    </ClCompile>
    <ClCompile Include="src\torusview.cpp">
      <Filter>Source Files</Filter>
    </ClCompile>
    <ClCompile Include="src\wxtorus.cpp">
      <Filter>Source Files</Filter>
    </ClCompile>
    <ClCompile Include="src\top10dialog.cpp">
      <Filter>Source Files</Filter>
    </ClCompile>
    <ClCompile Include="src\about.cpp">
      <Filter>Source Files</Filter>
    </ClCompile>
    <ClCompile Include="src\preferencedialog.cpp">
      <Filter>Source Files</Filter>
    </ClCompile>
    <ClCompile Include="src\scorepanel.cpp">
      <Filter>Source Files</Filter>
    </ClCompile>
  </ItemGroup>
  <ItemGroup>
    <ClInclude Include="src\global.h">
      <Filter>Header Files</Filter>
    </ClInclude>
    <ClInclude Include="src\pin.h">
      <Filter>Header Files</Filter>
    </ClInclude>
    <ClInclude Include="src\pipe.h">
      <Filter>Header Files</Filter>
    </ClInclude>
    <ClInclude Include="src\roller.h">
      <Filter>Header Files</Filter>
    </ClInclude>
    <ClInclude Include="src\scorefile.h">
      <Filter>Header Files</Filter>
    </ClInclude>
    <ClInclude Include="src\torusfunctors.h">
      <Filter>Header Files</Filter>
    </ClInclude>
    <ClInclude Include="src\torusinternal.h">
      <Filter>Header Files</Filter>
    </ClInclude>
    <ClInclude Include="src\type.h">
      <Filter>Header Files</Filter>
    </ClInclude>
    <ClInclude Include="src\torusview.h">
      <Filter>Header Files</Filter>
    </ClInclude>
    <ClInclude Include="src\wxtorus.h">
      <Filter>Header Files</Filter>
    </ClInclude>
    <ClInclude Include="src\top10dialog.h">
      <Filter>Header Files</Filter>
    </ClInclude>
    <ClInclude Include="src\about.h">
      <Filter>Header Files</Filter>
    </ClInclude>
    <ClInclude Include="src\preferencedialog.h">
      <Filter>Header Files</Filter>
    </ClInclude>
    <ClInclude Include="src\scorepanel.h">
      <Filter>Header Files</Filter>
    </ClInclude>
  </ItemGroup>
</Project>